# THIS IS AN AUTOGENERATED FILE. DO NOT EDIT THIS FILE DIRECTLY.
# yarn lockfile v1


"@mimranshad/full-screen-image-viewer@^0.1.1":
  version "0.1.1"
  resolved "https://registry.yarnpkg.com/@mimranshad/full-screen-image-viewer/-/full-screen-image-viewer-0.1.1.tgz#93d116eff8d47dcdf6e4749953e4adec15bc8e3d"
  integrity sha512-Pb6ABI88nlq5c8W4D23kTFtrkz4V/I+HA/dsPmexSqiDQkHK4sZ5QM+Ao9JSkBHCnItllxElhmCqMnOkGDhvkQ==
